
Microsoft Visual Studio Solution File, Format Version 12.00
# Visual Studio Version 17
VisualStudioVersion = 17.0.32112.339
MinimumVisualStudioVersion = 10.0.40219.1
Project("{9A19103F-16F7-4668-BE54-9A1E7A4F7556}") = "FormaGeometricaRandom", "FormaGeometricaRandomica\FormaGeometricaRandom.csproj", "{EBFED2CA-736C-481A-847E-397963AB84AD}"
EndProject
Project("{FAE04EC0-301F-11D3-BF4B-00C04F79EFBC}") = "FormaGeomatricasRandomModel", "FormaGeomatricasRandomModel\FormaGeomatricasRandomModel.csproj", "{088C0064-ABA4-4438-9717-79BFBD423BFC}"
EndProject
Global
	GlobalSection(SolutionConfigurationPlatforms) = preSolution
		Debug|Any CPU = Debug|Any CPU
		Release|Any CPU = Release|Any CPU
	EndGlobalSection
	GlobalSection(ProjectConfigurationPlatforms) = postSolution
		{EBFED2CA-736C-481A-847E-397963AB84AD}.Debug|Any CPU.ActiveCfg = Debug|Any CPU
		{EBFED2CA-736C-481A-847E-397963AB84AD}.Debug|Any CPU.Build.0 = Debug|Any CPU
		{EBFED2CA-736C-481A-847E-397963AB84AD}.Release|Any CPU.ActiveCfg = Release|Any CPU
		{EBFED2CA-736C-481A-847E-397963AB84AD}.Release|Any CPU.Build.0 = Release|Any CPU
		{088C0064-ABA4-4438-9717-79BFBD423BFC}.Debug|Any CPU.ActiveCfg = Debug|Any CPU
		{088C0064-ABA4-4438-9717-79BFBD423BFC}.Debug|Any CPU.Build.0 = Debug|Any CPU
		{088C0064-ABA4-4438-9717-79BFBD423BFC}.Release|Any CPU.ActiveCfg = Release|Any CPU
		{088C0064-ABA4-4438-9717-79BFBD423BFC}.Release|Any CPU.Build.0 = Release|Any CPU
	EndGlobalSection
	GlobalSection(SolutionProperties) = preSolution
		HideSolutionNode = FALSE
	EndGlobalSection
	GlobalSection(ExtensibilityGlobals) = postSolution
		SolutionGuid = {7AA6B523-C291-43CF-92EF-FA699519BAAE}
	EndGlobalSection
EndGlobal
